
Microsoft Visual Studio Solution File, Format Version 12.00
# Visual Studio Version 16
VisualStudioVersion = 16.0.31205.134
MinimumVisualStudioVersion = 10.0.40219.1
Project("{9A19103F-16F7-4668-BE54-9A1E7A4F7556}") = "TicTacToeRL", "TicTacToeRL\TicTacToeRL.csproj", "{037F1535-89CD-47F3-A09D-FD77E88728F2}"
EndProject
Project("{FAE04EC0-301F-11D3-BF4B-00C04F79EFBC}") = "QLearningDemo", "QLearningDemo\QLearningDemo.csproj", "{B65669D9-87A6-40DC-8DD3-505916ADFCC9}"
EndProject
Project("{9A19103F-16F7-4668-BE54-9A1E7A4F7556}") = "TicTacToe", "TicTacToe\TicTacToe.csproj", "{7C6698F2-EE7E-4EF8-AAF4-7DB7D26E2B53}"
EndProject
Global
	GlobalSection(SolutionConfigurationPlatforms) = preSolution
		Debug|Any CPU = Debug|Any CPU
		Release|Any CPU = Release|Any CPU
	EndGlobalSection
	GlobalSection(ProjectConfigurationPlatforms) = postSolution
		{037F1535-89CD-47F3-A09D-FD77E88728F2}.Debug|Any CPU.ActiveCfg = Debug|Any CPU
		{037F1535-89CD-47F3-A09D-FD77E88728F2}.Debug|Any CPU.Build.0 = Debug|Any CPU
		{037F1535-89CD-47F3-A09D-FD77E88728F2}.Release|Any CPU.ActiveCfg = Release|Any CPU
		{037F1535-89CD-47F3-A09D-FD77E88728F2}.Release|Any CPU.Build.0 = Release|Any CPU
		{B65669D9-87A6-40DC-8DD3-505916ADFCC9}.Debug|Any CPU.ActiveCfg = Debug|Any CPU
		{B65669D9-87A6-40DC-8DD3-505916ADFCC9}.Debug|Any CPU.Build.0 = Debug|Any CPU
		{B65669D9-87A6-40DC-8DD3-505916ADFCC9}.Release|Any CPU.ActiveCfg = Release|Any CPU
		{B65669D9-87A6-40DC-8DD3-505916ADFCC9}.Release|Any CPU.Build.0 = Release|Any CPU
		{7C6698F2-EE7E-4EF8-AAF4-7DB7D26E2B53}.Debug|Any CPU.ActiveCfg = Debug|Any CPU
		{7C6698F2-EE7E-4EF8-AAF4-7DB7D26E2B53}.Debug|Any CPU.Build.0 = Debug|Any CPU
		{7C6698F2-EE7E-4EF8-AAF4-7DB7D26E2B53}.Release|Any CPU.ActiveCfg = Release|Any CPU
		{7C6698F2-EE7E-4EF8-AAF4-7DB7D26E2B53}.Release|Any CPU.Build.0 = Release|Any CPU
	EndGlobalSection
	GlobalSection(SolutionProperties) = preSolution
		HideSolutionNode = FALSE
	EndGlobalSection
	GlobalSection(ExtensibilityGlobals) = postSolution
		SolutionGuid = {27C725CA-5264-4B0A-8F04-590E7B0D76A7}
	EndGlobalSection
EndGlobal
